
Microsoft Visual Studio Solution File, Format Version 12.00
# Visual Studio 15
VisualStudioVersion = 15.0.27004.2002
MinimumVisualStudioVersion = 10.0.40219.1
Project("{FAE04EC0-301F-11D3-BF4B-00C04F79EFBC}") = "DatingApp", "DatingApp\DatingApp.csproj", "{C63DA637-030D-4C54-BEC1-8F7E3CA255E5}"
EndProject
Project("{FAE04EC0-301F-11D3-BF4B-00C04F79EFBC}") = "DomainLibrary", "DomainLibrary\DomainLibrary.csproj", "{E2009CA2-0306-432E-804F-AEF029E4B1B4}"
EndProject
Global
	GlobalSection(SolutionConfigurationPlatforms) = preSolution
		Debug|Any CPU = Debug|Any CPU
		Release|Any CPU = Release|Any CPU
	EndGlobalSection
	GlobalSection(ProjectConfigurationPlatforms) = postSolution
		{C63DA637-030D-4C54-BEC1-8F7E3CA255E5}.Debug|Any CPU.ActiveCfg = Debug|Any CPU
		{C63DA637-030D-4C54-BEC1-8F7E3CA255E5}.Debug|Any CPU.Build.0 = Debug|Any CPU
		{C63DA637-030D-4C54-BEC1-8F7E3CA255E5}.Release|Any CPU.ActiveCfg = Release|Any CPU
		{C63DA637-030D-4C54-BEC1-8F7E3CA255E5}.Release|Any CPU.Build.0 = Release|Any CPU
		{E2009CA2-0306-432E-804F-AEF029E4B1B4}.Debug|Any CPU.ActiveCfg = Debug|Any CPU
		{E2009CA2-0306-432E-804F-AEF029E4B1B4}.Debug|Any CPU.Build.0 = Debug|Any CPU
		{E2009CA2-0306-432E-804F-AEF029E4B1B4}.Release|Any CPU.ActiveCfg = Release|Any CPU
		{E2009CA2-0306-432E-804F-AEF029E4B1B4}.Release|Any CPU.Build.0 = Release|Any CPU
	EndGlobalSection
	GlobalSection(SolutionProperties) = preSolution
		HideSolutionNode = FALSE
	EndGlobalSection
	GlobalSection(ExtensibilityGlobals) = postSolution
		SolutionGuid = {668AFC21-AB5A-4E1F-B69B-39D333DAFD94}
	EndGlobalSection
EndGlobal
